
Microsoft Visual Studio Solution File, Format Version 12.00
# Visual Studio Express 2013 for Windows Desktop
VisualStudioVersion = 12.0.31101.0
MinimumVisualStudioVersion = 10.0.40219.1
Project("{FAE04EC0-301F-11D3-BF4B-00C04F79EFBC}") = "Phosphaze", "Phosphaze\Phosphaze.csproj", "{475871C4-7820-46A4-9E93-4E0820A15E40}"
EndProject
Project("{96E2B04D-8817-42C6-938A-82C39BA4D311}") = "Content", "Phosphaze\Content\Content.contentproj", "{785B831C-61B7-4DF0-9BD7-902D4EB24311}"
EndProject
Global
	GlobalSection(SolutionConfigurationPlatforms) = preSolution
		Debug|Any CPU = Debug|Any CPU
		Debug|x86 = Debug|x86
		Release|Any CPU = Release|Any CPU
		Release|x86 = Release|x86
	EndGlobalSection
	GlobalSection(ProjectConfigurationPlatforms) = postSolution
		{475871C4-7820-46A4-9E93-4E0820A15E40}.Debug|Any CPU.ActiveCfg = Debug|x86
		{475871C4-7820-46A4-9E93-4E0820A15E40}.Debug|x86.ActiveCfg = Debug|x86
		{475871C4-7820-46A4-9E93-4E0820A15E40}.Debug|x86.Build.0 = Debug|x86
		{475871C4-7820-46A4-9E93-4E0820A15E40}.Release|Any CPU.ActiveCfg = Release|x86
		{475871C4-7820-46A4-9E93-4E0820A15E40}.Release|x86.ActiveCfg = Release|x86
		{475871C4-7820-46A4-9E93-4E0820A15E40}.Release|x86.Build.0 = Release|x86
		{785B831C-61B7-4DF0-9BD7-902D4EB24311}.Debug|Any CPU.ActiveCfg = Debug|Any CPU
		{785B831C-61B7-4DF0-9BD7-902D4EB24311}.Debug|x86.ActiveCfg = Debug|Any CPU
		{785B831C-61B7-4DF0-9BD7-902D4EB24311}.Release|Any CPU.ActiveCfg = Debug|Any CPU
		{785B831C-61B7-4DF0-9BD7-902D4EB24311}.Release|x86.ActiveCfg = Debug|Any CPU
	EndGlobalSection
	GlobalSection(SolutionProperties) = preSolution
		HideSolutionNode = FALSE
	EndGlobalSection
EndGlobal
